
Microsoft Visual Studio Solution File, Format Version 12.00
# Visual Studio 14
VisualStudioVersion = 14.0.24720.0
MinimumVisualStudioVersion = 10.0.40219.1
Project("{FAE04EC0-301F-11D3-BF4B-00C04F79EFBC}") = "DesafioMinhaVida", "br.mateus.DesafioMinhaVida\DesafioMinhaVida.csproj", "{E0C618FE-3919-4D28-9A5B-52F934F69127}"
EndProject
Project("{FAE04EC0-301F-11D3-BF4B-00C04F79EFBC}") = "DesafioMinhaVida.Tests", "br.mateus.DesafioMinhaVida.Tests\DesafioMinhaVida.Tests.csproj", "{B6EF01A0-4007-49CB-BBD9-7B5E39D95AE8}"
EndProject
Global
	GlobalSection(SolutionConfigurationPlatforms) = preSolution
		Debug|Any CPU = Debug|Any CPU
		Release|Any CPU = Release|Any CPU
	EndGlobalSection
	GlobalSection(ProjectConfigurationPlatforms) = postSolution
		{E0C618FE-3919-4D28-9A5B-52F934F69127}.Debug|Any CPU.ActiveCfg = Debug|Any CPU
		{E0C618FE-3919-4D28-9A5B-52F934F69127}.Debug|Any CPU.Build.0 = Debug|Any CPU
		{E0C618FE-3919-4D28-9A5B-52F934F69127}.Release|Any CPU.ActiveCfg = Release|Any CPU
		{E0C618FE-3919-4D28-9A5B-52F934F69127}.Release|Any CPU.Build.0 = Release|Any CPU
		{B6EF01A0-4007-49CB-BBD9-7B5E39D95AE8}.Debug|Any CPU.ActiveCfg = Debug|Any CPU
		{B6EF01A0-4007-49CB-BBD9-7B5E39D95AE8}.Debug|Any CPU.Build.0 = Debug|Any CPU
		{B6EF01A0-4007-49CB-BBD9-7B5E39D95AE8}.Release|Any CPU.ActiveCfg = Release|Any CPU
		{B6EF01A0-4007-49CB-BBD9-7B5E39D95AE8}.Release|Any CPU.Build.0 = Release|Any CPU
	EndGlobalSection
	GlobalSection(SolutionProperties) = preSolution
		HideSolutionNode = FALSE
	EndGlobalSection
EndGlobal
